
Microsoft Visual Studio Solution File, Format Version 12.00
# Visual Studio Version 17
VisualStudioVersion = 17.1.32421.90
MinimumVisualStudioVersion = 10.0.40219.1
Project("{FAE04EC0-301F-11D3-BF4B-00C04F79EFBC}") = "CalculoConsultaCoop", "CalculoConsultaCoop\CalculoConsultaCoop.csproj", "{B3E23EE2-1AB9-4433-888A-66670BA76DC2}"
EndProject
Global
	GlobalSection(SolutionConfigurationPlatforms) = preSolution
		Debug|Any CPU = Debug|Any CPU
		Release|Any CPU = Release|Any CPU
	EndGlobalSection
	GlobalSection(ProjectConfigurationPlatforms) = postSolution
		{B3E23EE2-1AB9-4433-888A-66670BA76DC2}.Debug|Any CPU.ActiveCfg = Debug|Any CPU
		{B3E23EE2-1AB9-4433-888A-66670BA76DC2}.Debug|Any CPU.Build.0 = Debug|Any CPU
		{B3E23EE2-1AB9-4433-888A-66670BA76DC2}.Release|Any CPU.ActiveCfg = Release|Any CPU
		{B3E23EE2-1AB9-4433-888A-66670BA76DC2}.Release|Any CPU.Build.0 = Release|Any CPU
	EndGlobalSection
	GlobalSection(SolutionProperties) = preSolution
		HideSolutionNode = FALSE
	EndGlobalSection
	GlobalSection(ExtensibilityGlobals) = postSolution
		SolutionGuid = {4A4F720D-9678-4599-ABFD-21286395B7E6}
	EndGlobalSection
EndGlobal
